{
  "version": "1.0.0",
  "dependencies": {
    "rocks": {
      "1a043a1a092206fb664a8dd394bdf99e526af762fe7282c6ccf49bc0ec23521e": {
        "name": "latex-base",
        "version": "2024.11.01-2",
        "pinned": false,
        "opt": false,
        "dependencies": [
          "a99560db1fee03c651f0d6a44b9476a47fbb60fe5cc66cf9edcbfc376311067f",
          "3bcfe10c107187a4d92345afd6c3aa4fc86f7cfbffe53558d557900126c4c0c0",
          "5eb18f665a8b5204d9aa28608eb69bbedb3707dd4371c5f91a3940f4e15657e6",
          "c1b43721ced0116c18e70225079857f48bbd7720eab595e60251e3809790ac87",
          "55924f766ca4e692e71e75bac98490a1d5cadd091c8c5466ea90c4ea7c585341"
        ],
        "constraint": "==2024.11.01",
        "binaries": [],
        "source": "luarocks_rockspec+https://luarocks.org/",
        "source_url": {
          "type": "url",
          "url": "https://github.com/latex3/latex2e/releases/download/release-2024-11-01-PL2/latex-base.tds.zip"
        },
        "hashes": {
          "rockspec": "sha256-sAyV9q9PFr8qjBE9F2R3JkWOHBDqtAfN6PYsqUHNt5g=",
          "source": "sha256-r3Gc0r+wBkH77SANakdtrV9llPrN0aWyYGjnu40C1gk="
        }
      },
      "1b558650a25ca0dc72920679c0d90e1f60704f6d51a55bbb34105c8cb737a649": {
        "name": "manual",
        "version": "scm-1",
        "pinned": false,
        "opt": false,
        "dependencies": [],
        "constraint": null,
        "binaries": [],
        "source": "luarocks_rockspec+https://luarocks.org/dev/",
        "source_url": {
          "type": "url",
          "url": "https://mirrors.ctan.org/fonts/manual.zip"
        },
        "hashes": {
          "rockspec": "sha256-jiQSI2JfEmtb/v4XKm4v4w6cgcC3lb1oVDWYiD4eqbQ=",
          "source": "sha256-MJ6S2OqTIRW1d1pBjw70rjc9CI7v1wzyXVh1dkfJkBs="
        }
      },
      "2d89fb8c51b7d3f12d4c3e644141dab3297fba1e7013101448cdc50e67c185fa": {
        "name": "texrocks",
        "version": "0.1.0-1",
        "pinned": false,
        "opt": false,
        "dependencies": [
          "b7af3fd20038496daf1fde0492a61c22ea13f239724d132520cce0c9fc32f267"
        ],
        "constraint": "==0.1.0",
        "binaries": [
          "texrocks"
        ],
        "source": "luarocks_rockspec+https://luarocks.org/",
        "source_url": {
          "type": "url",
          "url": "https://github.com/ustctug/texrocks/archive/0.1.0.zip"
        },
        "hashes": {
          "rockspec": "sha256-HfMwBTd44Rg5ZmJScBCL+BhMDpJB1so522wp1lWCZ7w=",
          "source": "sha256-HNnTQ4RzCfvY5ZQZZxeSHEHXU9p5WpwglET6udXBJBo="
        }
      },
      "3bcfe10c107187a4d92345afd6c3aa4fc86f7cfbffe53558d557900126c4c0c0": {
        "name": "l3backend",
        "version": "2025.01.18-1",
        "pinned": false,
        "opt": false,
        "dependencies": [],
        "constraint": null,
        "binaries": [],
        "source": "luarocks_rockspec+https://luarocks.org/",
        "source_url": {
          "type": "url",
          "url": "https://github.com/latex3/latex3/releases/download/2025-01-18/l3backend.tds.zip"
        },
        "hashes": {
          "rockspec": "sha256-LI1j9QaROzKvR36lQOSE+prYVI/mw05xKiwUEcgJxfE=",
          "source": "sha256-UFLGczEnCrO2YWqilpWenHBhB67mpnwMBqDMIyYuGUA="
        }
      },
      "55924f766ca4e692e71e75bac98490a1d5cadd091c8c5466ea90c4ea7c585341": {
        "name": "etex",
        "version": "2.1-1",
        "pinned": false,
        "opt": false,
        "dependencies": [
          "5eb18f665a8b5204d9aa28608eb69bbedb3707dd4371c5f91a3940f4e15657e6"
        ],
        "constraint": null,
        "binaries": [],
        "source": "luarocks_rockspec+https://luarocks.org/",
        "source_url": {
          "type": "url",
          "url": "https://erised.las.iastate.edu/tex-archive/obsolete/systems/e-tex/v2.1/etex_lib.zip"
        },
        "hashes": {
          "rockspec": "sha256-mf9N0F0DfKkDlmrj+zD45u47TvstZrQ6Yu+azJeW7PI=",
          "source": "sha256-drpCf8RPbVyVr6Z4nG5eoUq3mdzGP/xvsYKOw2y40ks="
        }
      },
      "5eb18f665a8b5204d9aa28608eb69bbedb3707dd4371c5f91a3940f4e15657e6": {
        "name": "knuth-lib",
        "version": "scm-1",
        "pinned": false,
        "opt": false,
        "dependencies": [
          "9ecd4f8b01fcfe290e77652a403ecf42a9b39b8867a57f9b0812a5722d6c8af2",
          "1b558650a25ca0dc72920679c0d90e1f60704f6d51a55bbb34105c8cb737a649"
        ],
        "constraint": null,
        "binaries": [],
        "source": "luarocks_rockspec+https://luarocks.org/dev/",
        "source_url": {
          "type": "url",
          "url": "https://mirrors.ctan.org/systems/knuth/dist/lib.zip"
        },
        "hashes": {
          "rockspec": "sha256-V1WPA3/tbnEaiDu7UXXIChl/+IbOTZawX29KAjNEIoo=",
          "source": "sha256-tFN0DXJDsWJPsP/i61cfv5lOLegN/io1Bww4CBrGycU="
        }
      },
      "8020c29d243273c6122e850f6034b0dcd4fce627e5c5aec4efa6c308b727081f": {
        "name": "amsfonts",
        "version": "scm-1",
        "pinned": false,
        "opt": false,
        "dependencies": [],
        "constraint": "==scm",
        "binaries": [],
        "source": "luarocks_rockspec+https://luarocks.org/dev/",
        "source_url": {
          "type": "url",
          "url": "https://mirrors.ctan.org/install/fonts/amsfonts.tds.zip"
        },
        "hashes": {
          "rockspec": "sha256-gKjKbCHSHVuzgw/CCvG5BA5vnW/5OscMCwvbRZHwn1o=",
          "source": "sha256-3XY8qJtxLQlulSykPDtgQJv8oXTwTFdD2mhGjQY/57Y="
        }
      },
      "896583adf76f60854c81cf6097f46697962dd28b6b3b5312cf25c9bd39baf560": {
        "name": "tex-ini-files",
        "version": "scm-1",
        "pinned": false,
        "opt": false,
        "dependencies": [],
        "constraint": "==scm",
        "binaries": [],
        "source": "luarocks_rockspec+https://luarocks.org/dev/",
        "source_url": {
          "type": "url",
          "url": "https://mirrors.ctan.org/install/macros/generic/tex-ini-files.tds.zip"
        },
        "hashes": {
          "rockspec": "sha256-A+POJHgRgidzWqM+odgKFFdm+3J5EhfJzbO/HA383ZQ=",
          "source": "sha256-bcUZO6cmvzCnw3EzvPv3M7/BqK5nH6PI5AqjmzfA1sY="
        }
      },
      "9ecd4f8b01fcfe290e77652a403ecf42a9b39b8867a57f9b0812a5722d6c8af2": {
        "name": "cm-tfm",
        "version": "scm-1",
        "pinned": false,
        "opt": false,
        "dependencies": [],
        "constraint": null,
        "binaries": [],
        "source": "luarocks_rockspec+https://luarocks.org/dev/",
        "source_url": {
          "type": "url",
          "url": "https://mirrors.ctan.org/fonts/cm/tfm.zip"
        },
        "hashes": {
          "rockspec": "sha256-lY4f7Y9VulhuUWj7c18rRUsPc1WotZpv12Mb0qogv3Y=",
          "source": "sha256-nA+Z+jTH2AHED2tf9gvCjyAOjvb/sv515UyoNcZ/wEw="
        }
      },
      "a99560db1fee03c651f0d6a44b9476a47fbb60fe5cc66cf9edcbfc376311067f": {
        "name": "l3kernel",
        "version": "2025.01.18-1",
        "pinned": false,
        "opt": false,
        "dependencies": [
          "fa22baa077dca8c903ec9c141321eb0a5b4dd25034e6b70ca3e67c6930112af4"
        ],
        "constraint": null,
        "binaries": [],
        "source": "luarocks_rockspec+https://luarocks.org/",
        "source_url": {
          "type": "url",
          "url": "https://github.com/latex3/latex3/releases/download/2025-01-18/l3kernel.tds.zip"
        },
        "hashes": {
          "rockspec": "sha256-74nA5l6MJO4SmMTL/f9fFtsAp/bbZBm5b92oftMJdRA=",
          "source": "sha256-dK0LBY6KliBCjDLVJdScJgJQTCap5zyUyJDaBu4WQ/I="
        }
      },
      "b7af3fd20038496daf1fde0492a61c22ea13f239724d132520cce0c9fc32f267": {
        "name": "argparse",
        "version": "scm-2",
        "pinned": false,
        "opt": false,
        "dependencies": [],
        "constraint": null,
        "binaries": [],
        "source": "luarocks_rockspec+https://luarocks.org/dev/",
        "source_url": {
          "type": "git",
          "url": "https://github.com/luarocks/argparse.git",
          "ref": "27967d7b52295ea7885671af734332038c132837"
        },
        "hashes": {
          "rockspec": "sha256-xXhZ5xUyBi6wcRZKAk1j5dKnYcX4lvcYYpsQODPz9Vc=",
          "source": "sha256-YZe3mcL7ynxNDERusWA51x6EW6tUrrkgJjq6Blo6r0U="
        }
      },
      "c1b43721ced0116c18e70225079857f48bbd7720eab595e60251e3809790ac87": {
        "name": "latex-url",
        "version": "scm-1",
        "pinned": false,
        "opt": false,
        "dependencies": [],
        "constraint": null,
        "binaries": [],
        "source": "luarocks_rockspec+https://luarocks.org/dev/",
        "source_url": {
          "type": "url",
          "url": "https://mirrors.ctan.org/macros/latex/contrib/url.zip"
        },
        "hashes": {
          "rockspec": "sha256-tEIWXTQ2l9jteY5kpAXtyfpsLzyMBsRL5TjqH2WKDnM=",
          "source": "sha256-9plXHbtt1mK204FheaRPXXJG9sa597t5s/hwR5IxUyo="
        }
      },
      "c71a00bc13f4acf8de9de1b4b2d48c02c93eb7bbc4a40ff481e06d537f83808f": {
        "name": "latex-fonts",
        "version": "scm-1",
        "pinned": false,
        "opt": false,
        "dependencies": [],
        "constraint": "==scm",
        "binaries": [],
        "source": "luarocks_rockspec+https://luarocks.org/dev/",
        "source_url": {
          "type": "url",
          "url": "https://mirrors.ctan.org/fonts/latex.zip"
        },
        "hashes": {
          "rockspec": "sha256-1PubdoEKzLcL+ULIYJxEvUbY3dyeEXG06e4FIpD9lV0=",
          "source": "sha256-TnMkDEA3ZDp+98NTvt1KEM8OGA2FHFTx5o/aQ5fzOTY="
        }
      },
      "fa22baa077dca8c903ec9c141321eb0a5b4dd25034e6b70ca3e67c6930112af4": {
        "name": "unicode-data",
        "version": "1.18-1",
        "pinned": false,
        "opt": false,
        "dependencies": [],
        "constraint": null,
        "binaries": [],
        "source": "luarocks_rockspec+https://luarocks.org/",
        "source_url": {
          "type": "url",
          "url": "https://github.com/latex3/unicode-data/releases/download/v1.18/unicode-data.tds.zip"
        },
        "hashes": {
          "rockspec": "sha256-YSageq/LKUT9JupFWDUaMD8+L2T/8yCzkXjzA408nRc=",
          "source": "sha256-7JwP+1GXqOEEjR6h1bJnf7eZ1CqKc5fBS7V7wYqQ2P4="
        }
      }
    },
    "entrypoints": [
      "896583adf76f60854c81cf6097f46697962dd28b6b3b5312cf25c9bd39baf560",
      "c71a00bc13f4acf8de9de1b4b2d48c02c93eb7bbc4a40ff481e06d537f83808f",
      "8020c29d243273c6122e850f6034b0dcd4fce627e5c5aec4efa6c308b727081f",
      "2d89fb8c51b7d3f12d4c3e644141dab3297fba1e7013101448cdc50e67c185fa",
      "1a043a1a092206fb664a8dd394bdf99e526af762fe7282c6ccf49bc0ec23521e"
    ]
  }
}