{
  "version": "1.0.0",
  "dependencies": {
    "rocks": {
      "00f044c47166ba1e1a946d3faa81902ccff881acd5878324e18b8048220f6ee7": {
        "name": "luaprompt",
        "version": "0.9-1",
        "pinned": false,
        "opt": false,
        "dependencies": [
          "2f728e6c11c4d5d9af8bbc70193dfb5c0002f6bac2c5d83e04ffd6bfdf358023"
        ],
        "constraint": null,
        "binaries": [
          "luap"
        ],
        "source": "luarocks_rockspec+https://luarocks.org/",
        "source_url": {
          "type": "git",
          "url": "https://github.com/dpapavas/luaprompt.git",
          "ref": "v0.9"
        },
        "hashes": {
          "rockspec": "sha256-M5845QrwwnoMU/JgelNinw666TLZZXuvWuktnN11BC4=",
          "source": "sha256-S6bzlIY1KlMK3wy01wGuRujGFgPxcNWmCaISQ87EBGs="
        }
      },
      "2f728e6c11c4d5d9af8bbc70193dfb5c0002f6bac2c5d83e04ffd6bfdf358023": {
        "name": "argparse",
        "version": "0.7.1-1",
        "pinned": false,
        "opt": false,
        "dependencies": [],
        "constraint": null,
        "binaries": [],
        "source": "luarocks_rockspec+https://luarocks.org/",
        "source_url": {
          "type": "url",
          "url": "https://github.com/luarocks/argparse/archive/0.7.1.zip"
        },
        "hashes": {
          "rockspec": "sha256-6EUIYsWhm29xlL8arP/3DQoRj/1CYWxs/J8+gz9T0YQ=",
          "source": "sha256-AJ8n6HTxqHPeQd0NKHiyQLzZ63+ebDsO1uP+0f0vYUE="
        }
      },
      "832fd9862ce671c0c9777855d4c8b19f9ad9c2679fb5466c3a183785a51b76b0": {
        "name": "luafilesystem",
        "version": "1.8.0-1",
        "pinned": false,
        "opt": false,
        "dependencies": [],
        "constraint": null,
        "binaries": [],
        "source": "luarocks_rock+https://nvim-neorocks.github.io/rocks-binaries/",
        "source_url": {
          "type": "url",
          "url": "https://nvim-neorocks.github.io/rocks-binaries/"
        },
        "hashes": {
          "rockspec": "sha256-ylWfvz35v68L9Sa92bQHDfFylaS7PEmZr62cBfRU06I=",
          "source": "sha256-kSFTFWXp19wVSZ6YeCKOsvT+VzaezQx6QbykV5yUe7Q="
        }
      },
      "b9d0b140ba962afd93c47978b5957bd798d3942533e9976e0edca849b9c9da59": {
        "name": "ansicolors",
        "version": "1.0.2-3",
        "pinned": false,
        "opt": false,
        "dependencies": [],
        "constraint": null,
        "binaries": [],
        "source": "luarocks_rockspec+https://luarocks.org/",
        "source_url": {
          "type": "url",
          "url": "https://github.com/kikito/ansicolors.lua/archive/v1.0.2.tar.gz"
        },
        "hashes": {
          "rockspec": "sha256-u2gU71mwvnVNz0YaqtJ3rhWB7KGNe5PKoI2W3rowyac=",
          "source": "sha256-+nakZcLg00L21aHUTGO9OYBT8gb0HHtTVrVRaU+JnWQ="
        }
      },
      "ba238979eff8f48cad534472f053a5d4c619b566c534066d54fab9e73935d81c": {
        "name": "texrocks",
        "version": "0.3.0-1",
        "pinned": false,
        "opt": false,
        "dependencies": [],
        "constraint": "==0.3.0",
        "binaries": [
          "texlua"
        ],
        "source": "luarocks_rock+http://127.0.0.1:8000/",
        "source_url": {
          "type": "url",
          "url": "http://127.0.0.1:8000/"
        },
        "hashes": {
          "rockspec": "sha256-uc6vrTbwGGWORhJ6toByRhmZgjqhUIgsBKXVJok0iGA=",
          "source": "sha256-t7MPJWDYu8w2uvpaA1PfMOooFx1OkFFphEETWUqbFQY="
        }
      },
      "cbef9449d13df7ae753d3eb807be7a0b4dc3c3e2f060f1f8d425d613b0fecfa1": {
        "name": "prompt-style",
        "version": "0.0.9-1",
        "pinned": false,
        "opt": false,
        "dependencies": [
          "b9d0b140ba962afd93c47978b5957bd798d3942533e9976e0edca849b9c9da59",
          "2f728e6c11c4d5d9af8bbc70193dfb5c0002f6bac2c5d83e04ffd6bfdf358023",
          "832fd9862ce671c0c9777855d4c8b19f9ad9c2679fb5466c3a183785a51b76b0",
          "00f044c47166ba1e1a946d3faa81902ccff881acd5878324e18b8048220f6ee7"
        ],
        "constraint": "==0.0.9",
        "binaries": [
          "pandocp",
          "neomuttp",
          "nvimp"
        ],
        "source": "luarocks_rockspec+https://luarocks.org/",
        "source_url": {
          "type": "url",
          "url": "https://github.com/wakatime/prompt-style.lua/archive/0.0.9.zip"
        },
        "hashes": {
          "rockspec": "sha256-xFxE9lUn6cuUNJrV0Jm9kukadMN3KZWs0y9/gmXFts0=",
          "source": "sha256-OuBNpIaISbml9/1pMIZZqO4wEJTtd6yBDbL4ZrxqqNY="
        }
      }
    },
    "entrypoints": [
      "ba238979eff8f48cad534472f053a5d4c619b566c534066d54fab9e73935d81c",
      "cbef9449d13df7ae753d3eb807be7a0b4dc3c3e2f060f1f8d425d613b0fecfa1"
    ]
  }
}