{
  "version": "1.0.0",
  "dependencies": {
    "rocks": {
      "1c4be17d90e2d7ac14f9ba2d3043ed00a4b73abd892964da849191dd641f693d": {
        "name": "texrocks",
        "version": "0.1.3-1",
        "pinned": false,
        "opt": false,
        "dependencies": [
          "2f728e6c11c4d5d9af8bbc70193dfb5c0002f6bac2c5d83e04ffd6bfdf358023"
        ],
        "constraint": "==0.1.3",
        "binaries": [
          "texrocks"
        ],
        "source": "luarocks_rockspec+https://luarocks.org/",
        "source_url": {
          "type": "url",
          "url": "https://github.com/ustctug/texrocks/archive/0.1.3.zip"
        },
        "hashes": {
          "rockspec": "sha256-YVIJMsV85e9uhGikqBjMWv1LUQluMDrA8VFjx2zrduo=",
          "source": "sha256-jHVxNgKdJisCoGI9KOVBKR++Q2MO5Bm/t7BYCXwZBXQ="
        }
      },
      "2f728e6c11c4d5d9af8bbc70193dfb5c0002f6bac2c5d83e04ffd6bfdf358023": {
        "name": "argparse",
        "version": "0.7.1-1",
        "pinned": false,
        "opt": false,
        "dependencies": [],
        "constraint": null,
        "binaries": [],
        "source": "luarocks_rockspec+https://luarocks.org/",
        "source_url": {
          "type": "url",
          "url": "https://github.com/luarocks/argparse/archive/0.7.1.zip"
        },
        "hashes": {
          "rockspec": "sha256-6EUIYsWhm29xlL8arP/3DQoRj/1CYWxs/J8+gz9T0YQ=",
          "source": "sha256-AJ8n6HTxqHPeQd0NKHiyQLzZ63+ebDsO1uP+0f0vYUE="
        }
      }
    },
    "entrypoints": [
      "1c4be17d90e2d7ac14f9ba2d3043ed00a4b73abd892964da849191dd641f693d"
    ]
  },
  "build_dependencies": {
    "rocks": {
      "1c4be17d90e2d7ac14f9ba2d3043ed00a4b73abd892964da849191dd641f693d": {
        "name": "texrocks",
        "version": "0.1.3-1",
        "pinned": false,
        "opt": false,
        "dependencies": [
          "2f728e6c11c4d5d9af8bbc70193dfb5c0002f6bac2c5d83e04ffd6bfdf358023"
        ],
        "constraint": "==0.1.3",
        "binaries": [
          "texrocks"
        ],
        "source": "luarocks_rockspec+https://luarocks.org/",
        "source_url": {
          "type": "url",
          "url": "https://github.com/ustctug/texrocks/archive/0.1.3.zip"
        },
        "hashes": {
          "rockspec": "sha256-YVIJMsV85e9uhGikqBjMWv1LUQluMDrA8VFjx2zrduo=",
          "source": "sha256-jHVxNgKdJisCoGI9KOVBKR++Q2MO5Bm/t7BYCXwZBXQ="
        }
      },
      "2f728e6c11c4d5d9af8bbc70193dfb5c0002f6bac2c5d83e04ffd6bfdf358023": {
        "name": "argparse",
        "version": "0.7.1-1",
        "pinned": false,
        "opt": false,
        "dependencies": [],
        "constraint": null,
        "binaries": [],
        "source": "luarocks_rockspec+https://luarocks.org/",
        "source_url": {
          "type": "url",
          "url": "https://github.com/luarocks/argparse/archive/0.7.1.zip"
        },
        "hashes": {
          "rockspec": "sha256-6EUIYsWhm29xlL8arP/3DQoRj/1CYWxs/J8+gz9T0YQ=",
          "source": "sha256-AJ8n6HTxqHPeQd0NKHiyQLzZ63+ebDsO1uP+0f0vYUE="
        }
      }
    },
    "entrypoints": [
      "1c4be17d90e2d7ac14f9ba2d3043ed00a4b73abd892964da849191dd641f693d"
    ]
  }
}