{
  "version": "1.0.0",
  "dependencies": {
    "rocks": {
      "2f728e6c11c4d5d9af8bbc70193dfb5c0002f6bac2c5d83e04ffd6bfdf358023": {
        "name": "argparse",
        "version": "0.7.1-1",
        "pinned": false,
        "opt": false,
        "dependencies": [],
        "constraint": null,
        "binaries": [],
        "source": "luarocks_rockspec+https://luarocks.org/",
        "source_url": {
          "type": "url",
          "url": "https://github.com/luarocks/argparse/archive/0.7.1.zip"
        },
        "hashes": {
          "rockspec": "sha256-6EUIYsWhm29xlL8arP/3DQoRj/1CYWxs/J8+gz9T0YQ=",
          "source": "sha256-AJ8n6HTxqHPeQd0NKHiyQLzZ63+ebDsO1uP+0f0vYUE="
        }
      },
      "8dc75e30cc8590e65d026bff0fcc339e7af18a21a8fa2ae05380fe00be89dd75": {
        "name": "texrocks",
        "version": "0.1.2-1",
        "pinned": false,
        "opt": false,
        "dependencies": [
          "2f728e6c11c4d5d9af8bbc70193dfb5c0002f6bac2c5d83e04ffd6bfdf358023"
        ],
        "constraint": "==0.1.2",
        "binaries": [
          "texrocks"
        ],
        "source": "luarocks_rockspec+https://luarocks.org/",
        "source_url": {
          "type": "url",
          "url": "https://github.com/ustctug/texrocks/archive/0.1.2.zip"
        },
        "hashes": {
          "rockspec": "sha256-GXiWz9Nk1Y6YltdiNVAbUP4lJ3YSMywIKYBiT3dFw2o=",
          "source": "sha256-aoHZb3uMJ2F2Us/NPAHj0nCASc2KGaIiUb5HZ5pcwPI="
        }
      }
    },
    "entrypoints": [
      "8dc75e30cc8590e65d026bff0fcc339e7af18a21a8fa2ae05380fe00be89dd75"
    ]
  },
  "build_dependencies": {
    "rocks": {
      "2f728e6c11c4d5d9af8bbc70193dfb5c0002f6bac2c5d83e04ffd6bfdf358023": {
        "name": "argparse",
        "version": "0.7.1-1",
        "pinned": false,
        "opt": false,
        "dependencies": [],
        "constraint": null,
        "binaries": [],
        "source": "luarocks_rockspec+https://luarocks.org/",
        "source_url": {
          "type": "url",
          "url": "https://github.com/luarocks/argparse/archive/0.7.1.zip"
        },
        "hashes": {
          "rockspec": "sha256-6EUIYsWhm29xlL8arP/3DQoRj/1CYWxs/J8+gz9T0YQ=",
          "source": "sha256-AJ8n6HTxqHPeQd0NKHiyQLzZ63+ebDsO1uP+0f0vYUE="
        }
      },
      "8dc75e30cc8590e65d026bff0fcc339e7af18a21a8fa2ae05380fe00be89dd75": {
        "name": "texrocks",
        "version": "0.1.2-1",
        "pinned": false,
        "opt": false,
        "dependencies": [
          "2f728e6c11c4d5d9af8bbc70193dfb5c0002f6bac2c5d83e04ffd6bfdf358023"
        ],
        "constraint": "==0.1.2",
        "binaries": [
          "texrocks"
        ],
        "source": "luarocks_rockspec+https://luarocks.org/",
        "source_url": {
          "type": "url",
          "url": "https://github.com/ustctug/texrocks/archive/0.1.2.zip"
        },
        "hashes": {
          "rockspec": "sha256-GXiWz9Nk1Y6YltdiNVAbUP4lJ3YSMywIKYBiT3dFw2o=",
          "source": "sha256-aoHZb3uMJ2F2Us/NPAHj0nCASc2KGaIiUb5HZ5pcwPI="
        }
      }
    },
    "entrypoints": [
      "8dc75e30cc8590e65d026bff0fcc339e7af18a21a8fa2ae05380fe00be89dd75"
    ]
  }
}