{
  "version": "1.0.0",
  "dependencies": {
    "rocks": {
      "517d62e0ff4c89017e6951e4912a51009699ce2e9e798f011454ef50b54ef6ed": {
        "name": "texrocks",
        "version": "0.2.1-1",
        "pinned": false,
        "opt": false,
        "dependencies": [],
        "constraint": "==0.2.1",
        "binaries": [
          "texlua"
        ],
        "source": "luarocks_rockspec+https://luarocks.org/",
        "source_url": {
          "type": "url",
          "url": "https://github.com/ustctug/texrocks/archive/0.2.1.zip"
        },
        "hashes": {
          "rockspec": "sha256-J9DrCgeVm7Q4wqnzchWhMxe84u4mZSaaYIVdPDL4rQg=",
          "source": "sha256-FEaHfgl0khu0EtRP1dKS/hrWQXaj+q2Nq5eNJsxLsuM="
        }
      }
    },
    "entrypoints": [
      "517d62e0ff4c89017e6951e4912a51009699ce2e9e798f011454ef50b54ef6ed"
    ]
  },
  "build_dependencies": {
    "rocks": {
      "517d62e0ff4c89017e6951e4912a51009699ce2e9e798f011454ef50b54ef6ed": {
        "name": "texrocks",
        "version": "0.2.1-1",
        "pinned": false,
        "opt": false,
        "dependencies": [],
        "constraint": "==0.2.1",
        "binaries": [
          "texlua"
        ],
        "source": "luarocks_rockspec+https://luarocks.org/",
        "source_url": {
          "type": "url",
          "url": "https://github.com/ustctug/texrocks/archive/0.2.1.zip"
        },
        "hashes": {
          "rockspec": "sha256-J9DrCgeVm7Q4wqnzchWhMxe84u4mZSaaYIVdPDL4rQg=",
          "source": "sha256-FEaHfgl0khu0EtRP1dKS/hrWQXaj+q2Nq5eNJsxLsuM="
        }
      }
    },
    "entrypoints": [
      "517d62e0ff4c89017e6951e4912a51009699ce2e9e798f011454ef50b54ef6ed"
    ]
  }
}