{
  "version": "1.0.0",
  "dependencies": {
    "rocks": {
      "1e569873efe89280ac880726c5334c01d0e05d21f1593cffafed73bb3bb2d6e1": {
        "name": "texrocks",
        "version": "0.2.3-1",
        "pinned": false,
        "opt": false,
        "dependencies": [],
        "constraint": "==0.2.3",
        "binaries": [
          "texlua"
        ],
        "source": "luarocks_rockspec+https://luarocks.org/",
        "source_url": {
          "type": "url",
          "url": "https://github.com/ustctug/texrocks/archive/0.2.3.zip"
        },
        "hashes": {
          "rockspec": "sha256-QoFqaNjnJdvGKZVqm+5IWcE0Z43OXPYwXZ+GUYNxhlM=",
          "source": "sha256-SKdmHOfWKxksesC0S2uYKqKdgzqrbgmJ9nI7ic/Qo6s="
        }
      },
      "6fcffa0eeadc4a75dc246d6869dcfe79594d6e0114ece5b260b9216a3d40cdfb": {
        "name": "amsfonts",
        "version": "3.04-1",
        "pinned": false,
        "opt": false,
        "dependencies": [],
        "constraint": "==3.04",
        "binaries": [],
        "source": "luarocks_rock+https://ustctug.github.io/texrocks/",
        "source_url": {
          "type": "url",
          "url": "https://ustctug.github.io/texrocks/"
        },
        "hashes": {
          "rockspec": "sha256-RZE5QmO0RVpexakXWgCqM1J7w5fK6Je6rEXZ8XKRC9g=",
          "source": "sha256-z8fsfbEgryxYZvx1LNIaYvTVJmy/y5kF35hRbSWpjAQ="
        }
      }
    },
    "entrypoints": [
      "1e569873efe89280ac880726c5334c01d0e05d21f1593cffafed73bb3bb2d6e1",
      "6fcffa0eeadc4a75dc246d6869dcfe79594d6e0114ece5b260b9216a3d40cdfb"
    ]
  }
}