{
  "version": "1.0.0",
  "dependencies": {
    "rocks": {
      "ae1506d312a2a505b679690306a6c39c3dcc646852c0411c9536f529d2293b6d": {
        "name": "luatexinfo",
        "version": "scm-1",
        "pinned": false,
        "opt": false,
        "dependencies": [
          "dc3090899123a1d84e6424fa461141f0e0709ebc38ce5b59ae5be6e30701b2f8",
          "bb80cb26c285965777f54c91161a9cb1e9f1ec2a22a4457dbdbc61631506b04b"
        ],
        "constraint": "==scm",
        "binaries": [
          "texinfo",
          "luatexinfo"
        ],
        "source": "luarocks_rockspec+https://luarocks.org/dev/",
        "source_url": {
          "type": "url",
          "url": "https://github.com/Freed-Wu/texrocks/releases/download/0.0.1/luatexinfo.zip"
        },
        "hashes": {
          "rockspec": "sha256-gD1F/8SPlW/UuzUetPQV9EIHWrVln/NMFLrYgbDqza0=",
          "source": "sha256-S6tJOpo3Wmf8QPsm59DcvPXZFEbOOxicOCGcprlzGw8="
        }
      },
      "b7af3fd20038496daf1fde0492a61c22ea13f239724d132520cce0c9fc32f267": {
        "name": "argparse",
        "version": "scm-2",
        "pinned": false,
        "opt": false,
        "dependencies": [],
        "constraint": null,
        "binaries": [],
        "source": "luarocks_rockspec+https://luarocks.org/dev/",
        "source_url": {
          "type": "git",
          "url": "https://github.com/luarocks/argparse.git",
          "ref": "27967d7b52295ea7885671af734332038c132837"
        },
        "hashes": {
          "rockspec": "sha256-xXhZ5xUyBi6wcRZKAk1j5dKnYcX4lvcYYpsQODPz9Vc=",
          "source": "sha256-YZe3mcL7ynxNDERusWA51x6EW6tUrrkgJjq6Blo6r0U="
        }
      },
      "bb80cb26c285965777f54c91161a9cb1e9f1ec2a22a4457dbdbc61631506b04b": {
        "name": "amsfonts",
        "version": "scm-1",
        "pinned": false,
        "opt": false,
        "dependencies": [],
        "constraint": null,
        "binaries": [],
        "source": "luarocks_rockspec+https://luarocks.org/dev/",
        "source_url": {
          "type": "url",
          "url": "https://mirrors.ctan.org/install/fonts/amsfonts.tds.zip"
        },
        "hashes": {
          "rockspec": "sha256-gKjKbCHSHVuzgw/CCvG5BA5vnW/5OscMCwvbRZHwn1o=",
          "source": "sha256-3XY8qJtxLQlulSykPDtgQJv8oXTwTFdD2mhGjQY/57Y="
        }
      },
      "dc3090899123a1d84e6424fa461141f0e0709ebc38ce5b59ae5be6e30701b2f8": {
        "name": "texrocks",
        "version": "scm-1",
        "pinned": false,
        "opt": false,
        "dependencies": [
          "b7af3fd20038496daf1fde0492a61c22ea13f239724d132520cce0c9fc32f267"
        ],
        "constraint": null,
        "binaries": [
          "texrocks"
        ],
        "source": "luarocks_rockspec+https://luarocks.org/dev/",
        "source_url": {
          "type": "git",
          "url": "https://github.com/ustctug/texrocks",
          "ref": "131479d5da038cf6dbe415d78825f21aacd9d575"
        },
        "hashes": {
          "rockspec": "sha256-IhMnnmtXtXP2bQJHOLFo4nErpEv9tXAL2GxmBdIsO7A=",
          "source": "sha256-+IDhFZWW4FhWPjXXkLNz9VcH632Li8YWDm8F4nhAa4U="
        }
      }
    },
    "entrypoints": [
      "ae1506d312a2a505b679690306a6c39c3dcc646852c0411c9536f529d2293b6d"
    ]
  }
}