{
  "version": "1.0.0",
  "dependencies": {
    "rocks": {
      "2b11777866cc8e60d2af4e1d894a5b79e61985617ed22a4121ee16da30bb6314": {
        "name": "toml2lua",
        "version": "3.0.0-1",
        "pinned": false,
        "opt": false,
        "dependencies": [],
        "constraint": "==3.0.0",
        "binaries": [],
        "source": "luarocks_rockspec+https://luarocks.org/",
        "source_url": {
          "type": "git",
          "url": "https://github.com/nexo-tech/toml2lua.git",
          "ref": "v3.0.0"
        },
        "hashes": {
          "rockspec": "sha256-7tNPGmFNAFZPadbyXZ/IGRBxdVNhjrGYKiNAagtzofg=",
          "source": "sha256-i7TRAjjPteb1rh2riHTVWEOIhpnSOwkfGmdR1bVSQfo="
        }
      },
      "ba238979eff8f48cad534472f053a5d4c619b566c534066d54fab9e73935d81c": {
        "name": "texrocks",
        "version": "0.3.0-1",
        "pinned": false,
        "opt": false,
        "dependencies": [],
        "constraint": "==0.3.0",
        "binaries": [
          "texlua"
        ],
        "source": "luarocks_rockspec+https://luarocks.org/",
        "source_url": {
          "type": "url",
          "url": "https://github.com/ustctug/texrocks/archive/0.3.0.zip"
        },
        "hashes": {
          "rockspec": "sha256-uc6vrTbwGGWORhJ6toByRhmZgjqhUIgsBKXVJok0iGA=",
          "source": "sha256-pJXayXLXKAxPCAlD510bRkbVxFlHz6/Q+iqE+Q3l1l8="
        }
      }
    },
    "entrypoints": [
      "ba238979eff8f48cad534472f053a5d4c619b566c534066d54fab9e73935d81c",
      "2b11777866cc8e60d2af4e1d894a5b79e61985617ed22a4121ee16da30bb6314"
    ]
  }
}