{
  "version": "1.0.0",
  "dependencies": {
    "rocks": {
      "2b11777866cc8e60d2af4e1d894a5b79e61985617ed22a4121ee16da30bb6314": {
        "name": "toml2lua",
        "version": "3.0.0-1",
        "pinned": false,
        "opt": false,
        "dependencies": [],
        "constraint": "==3.0.0",
        "binaries": [],
        "source": "luarocks_rockspec+https://luarocks.org/",
        "source_url": {
          "type": "git",
          "url": "https://github.com/nexo-tech/toml2lua.git",
          "ref": "v3.0.0"
        },
        "hashes": {
          "rockspec": "sha256-7tNPGmFNAFZPadbyXZ/IGRBxdVNhjrGYKiNAagtzofg=",
          "source": "sha256-i7TRAjjPteb1rh2riHTVWEOIhpnSOwkfGmdR1bVSQfo="
        }
      },
      "333739cc8803ca5cd65e0a7a84ff5a5981949996d6b879fbbfd0161b0c05b6ec": {
        "name": "texrocks",
        "version": "0.2.4-1",
        "pinned": false,
        "opt": false,
        "dependencies": [],
        "constraint": "==0.2.4",
        "binaries": [
          "texlua"
        ],
        "source": "luarocks_rock+http://127.0.0.1:8000/",
        "source_url": {
          "type": "url",
          "url": "http://127.0.0.1:8000/"
        },
        "hashes": {
          "rockspec": "sha256-o4lC9TbwCAfMOCWBzRenNrD1fU7cdekELygziXP+Abs=",
          "source": "sha256-PclK5HAPve/I98+qkpk6y0EjBbPba/Lo8/EuRyR9e/U="
        }
      }
    },
    "entrypoints": [
      "333739cc8803ca5cd65e0a7a84ff5a5981949996d6b879fbbfd0161b0c05b6ec",
      "2b11777866cc8e60d2af4e1d894a5b79e61985617ed22a4121ee16da30bb6314"
    ]
  }
}