{
  "version": "1.0.0",
  "dependencies": {
    "rocks": {
      "ba238979eff8f48cad534472f053a5d4c619b566c534066d54fab9e73935d81c": {
        "name": "texrocks",
        "version": "0.3.0-1",
        "pinned": false,
        "opt": false,
        "dependencies": [],
        "constraint": "==0.3.0",
        "binaries": [
          "texlua"
        ],
        "source": "luarocks_rock+http://127.0.0.1:8000/",
        "source_url": {
          "type": "url",
          "url": "http://127.0.0.1:8000/"
        },
        "hashes": {
          "rockspec": "sha256-uc6vrTbwGGWORhJ6toByRhmZgjqhUIgsBKXVJok0iGA=",
          "source": "sha256-t7MPJWDYu8w2uvpaA1PfMOooFx1OkFFphEETWUqbFQY="
        }
      },
      "d528cd52981564259b873ae3f972f48a19522d775240465725a6434109336b92": {
        "name": "argparse",
        "version": "0.7.1-1",
        "pinned": false,
        "opt": false,
        "dependencies": [],
        "constraint": "==0.7.1",
        "binaries": [],
        "source": "luarocks_rockspec+https://luarocks.org/",
        "source_url": {
          "type": "url",
          "url": "https://github.com/luarocks/argparse/archive/0.7.1.zip"
        },
        "hashes": {
          "rockspec": "sha256-6EUIYsWhm29xlL8arP/3DQoRj/1CYWxs/J8+gz9T0YQ=",
          "source": "sha256-AJ8n6HTxqHPeQd0NKHiyQLzZ63+ebDsO1uP+0f0vYUE="
        }
      }
    },
    "entrypoints": [
      "ba238979eff8f48cad534472f053a5d4c619b566c534066d54fab9e73935d81c",
      "d528cd52981564259b873ae3f972f48a19522d775240465725a6434109336b92"
    ]
  }
}