{
  "version": "1.0.0",
  "dependencies": {
    "rocks": {
      "2d89fb8c51b7d3f12d4c3e644141dab3297fba1e7013101448cdc50e67c185fa": {
        "name": "texrocks",
        "version": "0.1.0-1",
        "pinned": false,
        "opt": false,
        "dependencies": [
          "b7af3fd20038496daf1fde0492a61c22ea13f239724d132520cce0c9fc32f267"
        ],
        "constraint": "==0.1.0",
        "binaries": [
          "texrocks"
        ],
        "source": "luarocks_rockspec+https://luarocks.org/",
        "source_url": {
          "type": "url",
          "url": "https://github.com/ustctug/texrocks/archive/0.1.0.zip"
        },
        "hashes": {
          "rockspec": "sha256-HfMwBTd44Rg5ZmJScBCL+BhMDpJB1so522wp1lWCZ7w=",
          "source": "sha256-HNnTQ4RzCfvY5ZQZZxeSHEHXU9p5WpwglET6udXBJBo="
        }
      },
      "8020c29d243273c6122e850f6034b0dcd4fce627e5c5aec4efa6c308b727081f": {
        "name": "amsfonts",
        "version": "scm-1",
        "pinned": false,
        "opt": false,
        "dependencies": [],
        "constraint": "==scm",
        "binaries": [],
        "source": "luarocks_rockspec+https://luarocks.org/dev/",
        "source_url": {
          "type": "url",
          "url": "https://mirrors.ctan.org/install/fonts/amsfonts.tds.zip"
        },
        "hashes": {
          "rockspec": "sha256-gKjKbCHSHVuzgw/CCvG5BA5vnW/5OscMCwvbRZHwn1o=",
          "source": "sha256-3XY8qJtxLQlulSykPDtgQJv8oXTwTFdD2mhGjQY/57Y="
        }
      },
      "b7af3fd20038496daf1fde0492a61c22ea13f239724d132520cce0c9fc32f267": {
        "name": "argparse",
        "version": "scm-2",
        "pinned": false,
        "opt": false,
        "dependencies": [],
        "constraint": null,
        "binaries": [],
        "source": "luarocks_rockspec+https://luarocks.org/dev/",
        "source_url": {
          "type": "git",
          "url": "https://github.com/luarocks/argparse.git",
          "ref": "27967d7b52295ea7885671af734332038c132837"
        },
        "hashes": {
          "rockspec": "sha256-xXhZ5xUyBi6wcRZKAk1j5dKnYcX4lvcYYpsQODPz9Vc=",
          "source": "sha256-YZe3mcL7ynxNDERusWA51x6EW6tUrrkgJjq6Blo6r0U="
        }
      }
    },
    "entrypoints": [
      "8020c29d243273c6122e850f6034b0dcd4fce627e5c5aec4efa6c308b727081f",
      "2d89fb8c51b7d3f12d4c3e644141dab3297fba1e7013101448cdc50e67c185fa"
    ]
  }
}